
Microsoft Visual Studio Solution File, Format Version 12.00
# Visual Studio Version 17
VisualStudioVersion = 17.3.32901.215
MinimumVisualStudioVersion = 10.0.40219.1
Project("{9A19103F-16F7-4668-BE54-9A1E7A4F7556}") = "E-Book_Library", "E-Book_Library\E-Book_Library.csproj", "{EE91F078-7477-4F5C-976B-626166FE60D1}"
EndProject
Project("{9A19103F-16F7-4668-BE54-9A1E7A4F7556}") = "DataAccess", "DataAccess\DataAccess.csproj", "{E78DD7DE-9F78-4946-84DF-DCE66ED34401}"
EndProject
Project("{FAE04EC0-301F-11D3-BF4B-00C04F79EFBC}") = "Ebook.Models", "Ebook.Models\Ebook.Models.csproj", "{49BCFC54-B41E-4889-8D38-63180549E2A6}"
EndProject
Project("{FAE04EC0-301F-11D3-BF4B-00C04F79EFBC}") = "Ebook.Service", "Ebook.Service\Ebook.Service.csproj", "{98A64C04-7EC9-40BB-A0A7-899A9557B4D4}"
EndProject
Global
	GlobalSection(SolutionConfigurationPlatforms) = preSolution
		Debug|Any CPU = Debug|Any CPU
		Release|Any CPU = Release|Any CPU
	EndGlobalSection
	GlobalSection(ProjectConfigurationPlatforms) = postSolution
		{EE91F078-7477-4F5C-976B-626166FE60D1}.Debug|Any CPU.ActiveCfg = Debug|Any CPU
		{EE91F078-7477-4F5C-976B-626166FE60D1}.Debug|Any CPU.Build.0 = Debug|Any CPU
		{EE91F078-7477-4F5C-976B-626166FE60D1}.Release|Any CPU.ActiveCfg = Release|Any CPU
		{EE91F078-7477-4F5C-976B-626166FE60D1}.Release|Any CPU.Build.0 = Release|Any CPU
		{E78DD7DE-9F78-4946-84DF-DCE66ED34401}.Debug|Any CPU.ActiveCfg = Debug|Any CPU
		{E78DD7DE-9F78-4946-84DF-DCE66ED34401}.Debug|Any CPU.Build.0 = Debug|Any CPU
		{E78DD7DE-9F78-4946-84DF-DCE66ED34401}.Release|Any CPU.ActiveCfg = Release|Any CPU
		{E78DD7DE-9F78-4946-84DF-DCE66ED34401}.Release|Any CPU.Build.0 = Release|Any CPU
		{49BCFC54-B41E-4889-8D38-63180549E2A6}.Debug|Any CPU.ActiveCfg = Debug|Any CPU
		{49BCFC54-B41E-4889-8D38-63180549E2A6}.Debug|Any CPU.Build.0 = Debug|Any CPU
		{49BCFC54-B41E-4889-8D38-63180549E2A6}.Release|Any CPU.ActiveCfg = Release|Any CPU
		{49BCFC54-B41E-4889-8D38-63180549E2A6}.Release|Any CPU.Build.0 = Release|Any CPU
		{98A64C04-7EC9-40BB-A0A7-899A9557B4D4}.Debug|Any CPU.ActiveCfg = Debug|Any CPU
		{98A64C04-7EC9-40BB-A0A7-899A9557B4D4}.Debug|Any CPU.Build.0 = Debug|Any CPU
		{98A64C04-7EC9-40BB-A0A7-899A9557B4D4}.Release|Any CPU.ActiveCfg = Release|Any CPU
		{98A64C04-7EC9-40BB-A0A7-899A9557B4D4}.Release|Any CPU.Build.0 = Release|Any CPU
	EndGlobalSection
	GlobalSection(SolutionProperties) = preSolution
		HideSolutionNode = FALSE
	EndGlobalSection
	GlobalSection(ExtensibilityGlobals) = postSolution
		SolutionGuid = {3687710E-CB8B-4EF2-A74D-92FF16044364}
	EndGlobalSection
EndGlobal
